
Microsoft Visual Studio Solution File, Format Version 12.00
# Visual Studio Version 17
VisualStudioVersion = 17.4.33110.190
MinimumVisualStudioVersion = 10.0.40219.1
Project("{FAE04EC0-301F-11D3-BF4B-00C04F79EFBC}") = "P02_FootballBetting", "P02_FootballBetting\P02_FootballBetting.csproj", "{7F50F5D5-3893-42AC-8842-11DFC7973D27}"
EndProject
Project("{FAE04EC0-301F-11D3-BF4B-00C04F79EFBC}") = "P02_FootballBetting.Data", "P02_FootballBetting.Data\P02_FootballBetting.Data.csproj", "{77E4B5F0-796B-4EDF-8072-3D0F2EBF8F44}"
EndProject
Project("{FAE04EC0-301F-11D3-BF4B-00C04F79EFBC}") = "P02_FootballBetting.Data.Models", "P02_FootballBetting.Data.Models\P02_FootballBetting.Data.Models.csproj", "{79005B9F-BCD9-4D5F-A4E8-ACC38F46B5B2}"
EndProject
Project("{FAE04EC0-301F-11D3-BF4B-00C04F79EFBC}") = "P02_FootballBetting.Data.Common", "P02_FootballBetting.Data.Common\P02_FootballBetting.Data.Common.csproj", "{081C70EC-F4CF-41C4-A98C-4651EB78F946}"
EndProject
Global
	GlobalSection(SolutionConfigurationPlatforms) = preSolution
		Debug|Any CPU = Debug|Any CPU
		Release|Any CPU = Release|Any CPU
	EndGlobalSection
	GlobalSection(ProjectConfigurationPlatforms) = postSolution
		{7F50F5D5-3893-42AC-8842-11DFC7973D27}.Debug|Any CPU.ActiveCfg = Debug|Any CPU
		{7F50F5D5-3893-42AC-8842-11DFC7973D27}.Debug|Any CPU.Build.0 = Debug|Any CPU
		{7F50F5D5-3893-42AC-8842-11DFC7973D27}.Release|Any CPU.ActiveCfg = Release|Any CPU
		{7F50F5D5-3893-42AC-8842-11DFC7973D27}.Release|Any CPU.Build.0 = Release|Any CPU
		{77E4B5F0-796B-4EDF-8072-3D0F2EBF8F44}.Debug|Any CPU.ActiveCfg = Debug|Any CPU
		{77E4B5F0-796B-4EDF-8072-3D0F2EBF8F44}.Debug|Any CPU.Build.0 = Debug|Any CPU
		{77E4B5F0-796B-4EDF-8072-3D0F2EBF8F44}.Release|Any CPU.ActiveCfg = Release|Any CPU
		{77E4B5F0-796B-4EDF-8072-3D0F2EBF8F44}.Release|Any CPU.Build.0 = Release|Any CPU
		{79005B9F-BCD9-4D5F-A4E8-ACC38F46B5B2}.Debug|Any CPU.ActiveCfg = Debug|Any CPU
		{79005B9F-BCD9-4D5F-A4E8-ACC38F46B5B2}.Debug|Any CPU.Build.0 = Debug|Any CPU
		{79005B9F-BCD9-4D5F-A4E8-ACC38F46B5B2}.Release|Any CPU.ActiveCfg = Release|Any CPU
		{79005B9F-BCD9-4D5F-A4E8-ACC38F46B5B2}.Release|Any CPU.Build.0 = Release|Any CPU
		{081C70EC-F4CF-41C4-A98C-4651EB78F946}.Debug|Any CPU.ActiveCfg = Debug|Any CPU
		{081C70EC-F4CF-41C4-A98C-4651EB78F946}.Debug|Any CPU.Build.0 = Debug|Any CPU
		{081C70EC-F4CF-41C4-A98C-4651EB78F946}.Release|Any CPU.ActiveCfg = Release|Any CPU
		{081C70EC-F4CF-41C4-A98C-4651EB78F946}.Release|Any CPU.Build.0 = Release|Any CPU
	EndGlobalSection
	GlobalSection(SolutionProperties) = preSolution
		HideSolutionNode = FALSE
	EndGlobalSection
	GlobalSection(ExtensibilityGlobals) = postSolution
		SolutionGuid = {F14739E8-06DE-4A60-8067-9BB1360685BB}
	EndGlobalSection
EndGlobal
